
Microsoft Visual Studio Solution File, Format Version 12.00
# Visual Studio Version 17
VisualStudioVersion = 17.9.34407.89
MinimumVisualStudioVersion = 10.0.40219.1
Project("{9A19103F-16F7-4668-BE54-9A1E7A4F7556}") = "ThumbColorNotReset", "ThumbColorNotReset\ThumbColorNotReset.csproj", "{57C814F5-E361-4D41-821D-EEE6F3AC8440}"
EndProject
Project("{9A19103F-16F7-4668-BE54-9A1E7A4F7556}") = "Maui.Controls.BottomSheet", "Maui.Controls.BottomSheet-main\src\Maui.Controls.BottomSheet\Maui.Controls.BottomSheet.csproj", "{D415E5E0-C5BF-4D70-8B88-C73A2667FF7F}"
EndProject
Project("{9A19103F-16F7-4668-BE54-9A1E7A4F7556}") = "ThumbColorNotResetDatabase", "ThumbColorNotResetDatabase\ThumbColorNotResetDatabase.csproj", "{4A60754C-A24F-454B-8AC0-3C53B875AE1E}"
EndProject
Global
	GlobalSection(SolutionConfigurationPlatforms) = preSolution
		Debug|Any CPU = Debug|Any CPU
		Release|Any CPU = Release|Any CPU
	EndGlobalSection
	GlobalSection(ProjectConfigurationPlatforms) = postSolution
		{57C814F5-E361-4D41-821D-EEE6F3AC8440}.Debug|Any CPU.ActiveCfg = Debug|Any CPU
		{57C814F5-E361-4D41-821D-EEE6F3AC8440}.Debug|Any CPU.Build.0 = Debug|Any CPU
		{57C814F5-E361-4D41-821D-EEE6F3AC8440}.Debug|Any CPU.Deploy.0 = Debug|Any CPU
		{57C814F5-E361-4D41-821D-EEE6F3AC8440}.Release|Any CPU.ActiveCfg = Release|Any CPU
		{57C814F5-E361-4D41-821D-EEE6F3AC8440}.Release|Any CPU.Build.0 = Release|Any CPU
		{57C814F5-E361-4D41-821D-EEE6F3AC8440}.Release|Any CPU.Deploy.0 = Release|Any CPU
		{D415E5E0-C5BF-4D70-8B88-C73A2667FF7F}.Debug|Any CPU.ActiveCfg = Debug|Any CPU
		{D415E5E0-C5BF-4D70-8B88-C73A2667FF7F}.Debug|Any CPU.Build.0 = Debug|Any CPU
		{D415E5E0-C5BF-4D70-8B88-C73A2667FF7F}.Release|Any CPU.ActiveCfg = Release|Any CPU
		{D415E5E0-C5BF-4D70-8B88-C73A2667FF7F}.Release|Any CPU.Build.0 = Release|Any CPU
		{4A60754C-A24F-454B-8AC0-3C53B875AE1E}.Debug|Any CPU.ActiveCfg = Debug|Any CPU
		{4A60754C-A24F-454B-8AC0-3C53B875AE1E}.Debug|Any CPU.Build.0 = Debug|Any CPU
		{4A60754C-A24F-454B-8AC0-3C53B875AE1E}.Release|Any CPU.ActiveCfg = Release|Any CPU
		{4A60754C-A24F-454B-8AC0-3C53B875AE1E}.Release|Any CPU.Build.0 = Release|Any CPU
	EndGlobalSection
	GlobalSection(SolutionProperties) = preSolution
		HideSolutionNode = FALSE
	EndGlobalSection
	GlobalSection(ExtensibilityGlobals) = postSolution
		SolutionGuid = {8F4DD225-F347-4BC4-8D52-5336C82E6CB5}
	EndGlobalSection
EndGlobal
